
Microsoft Visual Studio Solution File, Format Version 12.00
# Visual Studio Version 17
VisualStudioVersion = 17.0.32002.185
MinimumVisualStudioVersion = 10.0.40219.1
Project("{FAE04EC0-301F-11D3-BF4B-00C04F79EFBC}") = "MVC Countries Lab", "MVC Countries Lab\MVC Countries Lab.csproj", "{21833F43-8689-4A10-ABA7-F9389394EE58}"
EndProject
Global
	GlobalSection(SolutionConfigurationPlatforms) = preSolution
		Debug|Any CPU = Debug|Any CPU
		Release|Any CPU = Release|Any CPU
	EndGlobalSection
	GlobalSection(ProjectConfigurationPlatforms) = postSolution
		{21833F43-8689-4A10-ABA7-F9389394EE58}.Debug|Any CPU.ActiveCfg = Debug|Any CPU
		{21833F43-8689-4A10-ABA7-F9389394EE58}.Debug|Any CPU.Build.0 = Debug|Any CPU
		{21833F43-8689-4A10-ABA7-F9389394EE58}.Release|Any CPU.ActiveCfg = Release|Any CPU
		{21833F43-8689-4A10-ABA7-F9389394EE58}.Release|Any CPU.Build.0 = Release|Any CPU
	EndGlobalSection
	GlobalSection(SolutionProperties) = preSolution
		HideSolutionNode = FALSE
	EndGlobalSection
	GlobalSection(ExtensibilityGlobals) = postSolution
		SolutionGuid = {9EADDABF-1446-4C8E-85EA-636E32D707AE}
	EndGlobalSection
EndGlobal
